
Microsoft Visual Studio Solution File, Format Version 12.00
# Visual Studio Version 17
VisualStudioVersion = 17.9.34723.18
MinimumVisualStudioVersion = 10.0.40219.1
Project("{2150E333-8FDC-42A3-9474-1A3956D46DE8}") = "Services", "Services", "{C91359D4-B4C5-4C0C-AFCA-E47D37812A3F}"
EndProject
Project("{2150E333-8FDC-42A3-9474-1A3956D46DE8}") = "Catalog", "Catalog", "{833E7C7E-D327-46C5-8403-8513148785DB}"
EndProject
Project("{9A19103F-16F7-4668-BE54-9A1E7A4F7556}") = "Catalog.API", "Services\Catalog\Catalog.API\Catalog.API.csproj", "{C826B705-648E-47DA-9256-40B44154AF61}"
EndProject
Project("{2150E333-8FDC-42A3-9474-1A3956D46DE8}") = "BuildingBlocks", "BuildingBlocks", "{C1B30DD2-664A-4BAE-9A09-ADF0B5A08942}"
EndProject
Project("{9A19103F-16F7-4668-BE54-9A1E7A4F7556}") = "BuildingBlocks", "BuildingBlocks\BuildingBlocks\BuildingBlocks.csproj", "{10E2C032-F650-409F-BC53-83776A0667A1}"
EndProject
Project("{E53339B2-1760-4266-BCC7-CA923CBCF16C}") = "docker-compose", "docker-compose.dcproj", "{28E19EA7-FF16-45AF-9CAA-109186B61976}"
EndProject
Project("{2150E333-8FDC-42A3-9474-1A3956D46DE8}") = "Basket", "Basket", "{224F61E6-3654-4BE3-9469-440AB1EB893C}"
EndProject
Project("{9A19103F-16F7-4668-BE54-9A1E7A4F7556}") = "Basket.API", "Services\Basket\Basket.API\Basket.API.csproj", "{8A14ED13-9418-4E84-B93D-2C255A2E6E24}"
EndProject
Project("{2150E333-8FDC-42A3-9474-1A3956D46DE8}") = "Discount", "Discount", "{9F3DCF01-A0D7-4CA8-A3F1-FCF6DE9511E8}"
EndProject
Project("{9A19103F-16F7-4668-BE54-9A1E7A4F7556}") = "Discount.Grpc", "Services\Discount\Discount.Grpc\Discount.Grpc.csproj", "{1D104AFB-1BFB-433B-9ACF-A378147AEC38}"
EndProject
Project("{2150E333-8FDC-42A3-9474-1A3956D46DE8}") = "Ordering", "Ordering", "{E202EBEE-E5F7-45F9-B7A0-ACC77D130281}"
EndProject
Project("{FAE04EC0-301F-11D3-BF4B-00C04F79EFBC}") = "Ordering.API", "Services\Ordering\Ordering.API\Ordering.API.csproj", "{991AEF7D-8885-4427-9CD3-FD4D71A358BB}"
EndProject
Global
	GlobalSection(SolutionConfigurationPlatforms) = preSolution
		Debug|Any CPU = Debug|Any CPU
		Release|Any CPU = Release|Any CPU
	EndGlobalSection
	GlobalSection(ProjectConfigurationPlatforms) = postSolution
		{C826B705-648E-47DA-9256-40B44154AF61}.Debug|Any CPU.ActiveCfg = Debug|Any CPU
		{C826B705-648E-47DA-9256-40B44154AF61}.Debug|Any CPU.Build.0 = Debug|Any CPU
		{C826B705-648E-47DA-9256-40B44154AF61}.Release|Any CPU.ActiveCfg = Release|Any CPU
		{C826B705-648E-47DA-9256-40B44154AF61}.Release|Any CPU.Build.0 = Release|Any CPU
		{10E2C032-F650-409F-BC53-83776A0667A1}.Debug|Any CPU.ActiveCfg = Debug|Any CPU
		{10E2C032-F650-409F-BC53-83776A0667A1}.Debug|Any CPU.Build.0 = Debug|Any CPU
		{10E2C032-F650-409F-BC53-83776A0667A1}.Release|Any CPU.ActiveCfg = Release|Any CPU
		{10E2C032-F650-409F-BC53-83776A0667A1}.Release|Any CPU.Build.0 = Release|Any CPU
		{28E19EA7-FF16-45AF-9CAA-109186B61976}.Debug|Any CPU.ActiveCfg = Debug|Any CPU
		{28E19EA7-FF16-45AF-9CAA-109186B61976}.Debug|Any CPU.Build.0 = Debug|Any CPU
		{28E19EA7-FF16-45AF-9CAA-109186B61976}.Release|Any CPU.ActiveCfg = Release|Any CPU
		{28E19EA7-FF16-45AF-9CAA-109186B61976}.Release|Any CPU.Build.0 = Release|Any CPU
		{8A14ED13-9418-4E84-B93D-2C255A2E6E24}.Debug|Any CPU.ActiveCfg = Debug|Any CPU
		{8A14ED13-9418-4E84-B93D-2C255A2E6E24}.Debug|Any CPU.Build.0 = Debug|Any CPU
		{8A14ED13-9418-4E84-B93D-2C255A2E6E24}.Release|Any CPU.ActiveCfg = Release|Any CPU
		{8A14ED13-9418-4E84-B93D-2C255A2E6E24}.Release|Any CPU.Build.0 = Release|Any CPU
		{1D104AFB-1BFB-433B-9ACF-A378147AEC38}.Debug|Any CPU.ActiveCfg = Debug|Any CPU
		{1D104AFB-1BFB-433B-9ACF-A378147AEC38}.Debug|Any CPU.Build.0 = Debug|Any CPU
		{1D104AFB-1BFB-433B-9ACF-A378147AEC38}.Release|Any CPU.ActiveCfg = Release|Any CPU
		{1D104AFB-1BFB-433B-9ACF-A378147AEC38}.Release|Any CPU.Build.0 = Release|Any CPU
		{991AEF7D-8885-4427-9CD3-FD4D71A358BB}.Debug|Any CPU.ActiveCfg = Debug|Any CPU
		{991AEF7D-8885-4427-9CD3-FD4D71A358BB}.Debug|Any CPU.Build.0 = Debug|Any CPU
		{991AEF7D-8885-4427-9CD3-FD4D71A358BB}.Release|Any CPU.ActiveCfg = Release|Any CPU
		{991AEF7D-8885-4427-9CD3-FD4D71A358BB}.Release|Any CPU.Build.0 = Release|Any CPU
	EndGlobalSection
	GlobalSection(SolutionProperties) = preSolution
		HideSolutionNode = FALSE
	EndGlobalSection
	GlobalSection(NestedProjects) = preSolution
		{833E7C7E-D327-46C5-8403-8513148785DB} = {C91359D4-B4C5-4C0C-AFCA-E47D37812A3F}
		{C826B705-648E-47DA-9256-40B44154AF61} = {833E7C7E-D327-46C5-8403-8513148785DB}
		{10E2C032-F650-409F-BC53-83776A0667A1} = {C1B30DD2-664A-4BAE-9A09-ADF0B5A08942}
		{224F61E6-3654-4BE3-9469-440AB1EB893C} = {C91359D4-B4C5-4C0C-AFCA-E47D37812A3F}
		{8A14ED13-9418-4E84-B93D-2C255A2E6E24} = {224F61E6-3654-4BE3-9469-440AB1EB893C}
		{9F3DCF01-A0D7-4CA8-A3F1-FCF6DE9511E8} = {C91359D4-B4C5-4C0C-AFCA-E47D37812A3F}
		{1D104AFB-1BFB-433B-9ACF-A378147AEC38} = {9F3DCF01-A0D7-4CA8-A3F1-FCF6DE9511E8}
		{E202EBEE-E5F7-45F9-B7A0-ACC77D130281} = {C91359D4-B4C5-4C0C-AFCA-E47D37812A3F}
		{991AEF7D-8885-4427-9CD3-FD4D71A358BB} = {E202EBEE-E5F7-45F9-B7A0-ACC77D130281}
	EndGlobalSection
	GlobalSection(ExtensibilityGlobals) = postSolution
		SolutionGuid = {24C3B58D-0E4C-4B60-BD49-4F098439F6ED}
	EndGlobalSection
EndGlobal
